
Microsoft Visual Studio Solution File, Format Version 12.00
# Visual Studio Version 17
VisualStudioVersion = 17.13.35919.96
MinimumVisualStudioVersion = 10.0.40219.1
Project("{FAE04EC0-301F-11D3-BF4B-00C04F79EFBC}") = "RestaurantWebAPI", "RestaurantWebAPI\RestaurantWebAPI.csproj", "{1CE2793A-064D-458C-B91F-1E22D12B4338}"
EndProject
Project("{FAE04EC0-301F-11D3-BF4B-00C04F79EFBC}") = "Domain", "Domain\Domain.csproj", "{EDD7E0CF-C12F-4908-AC69-C190E7CA9B31}"
EndProject
Project("{FAE04EC0-301F-11D3-BF4B-00C04F79EFBC}") = "Core", "Core\Core.csproj", "{7EA3A651-2A1D-40CA-8A91-278B1F5374C0}"
EndProject
Global
	GlobalSection(SolutionConfigurationPlatforms) = preSolution
		Debug|Any CPU = Debug|Any CPU
		Release|Any CPU = Release|Any CPU
	EndGlobalSection
	GlobalSection(ProjectConfigurationPlatforms) = postSolution
		{1CE2793A-064D-458C-B91F-1E22D12B4338}.Debug|Any CPU.ActiveCfg = Debug|Any CPU
		{1CE2793A-064D-458C-B91F-1E22D12B4338}.Debug|Any CPU.Build.0 = Debug|Any CPU
		{1CE2793A-064D-458C-B91F-1E22D12B4338}.Release|Any CPU.ActiveCfg = Release|Any CPU
		{1CE2793A-064D-458C-B91F-1E22D12B4338}.Release|Any CPU.Build.0 = Release|Any CPU
		{EDD7E0CF-C12F-4908-AC69-C190E7CA9B31}.Debug|Any CPU.ActiveCfg = Debug|Any CPU
		{EDD7E0CF-C12F-4908-AC69-C190E7CA9B31}.Debug|Any CPU.Build.0 = Debug|Any CPU
		{EDD7E0CF-C12F-4908-AC69-C190E7CA9B31}.Release|Any CPU.ActiveCfg = Release|Any CPU
		{EDD7E0CF-C12F-4908-AC69-C190E7CA9B31}.Release|Any CPU.Build.0 = Release|Any CPU
		{7EA3A651-2A1D-40CA-8A91-278B1F5374C0}.Debug|Any CPU.ActiveCfg = Debug|Any CPU
		{7EA3A651-2A1D-40CA-8A91-278B1F5374C0}.Debug|Any CPU.Build.0 = Debug|Any CPU
		{7EA3A651-2A1D-40CA-8A91-278B1F5374C0}.Release|Any CPU.ActiveCfg = Release|Any CPU
		{7EA3A651-2A1D-40CA-8A91-278B1F5374C0}.Release|Any CPU.Build.0 = Release|Any CPU
	EndGlobalSection
	GlobalSection(SolutionProperties) = preSolution
		HideSolutionNode = FALSE
	EndGlobalSection
	GlobalSection(ExtensibilityGlobals) = postSolution
		SolutionGuid = {E583F38D-D755-466D-8814-9F58DC401BE1}
	EndGlobalSection
EndGlobal
